
Microsoft Visual Studio Solution File, Format Version 12.00
# Visual Studio 15
Project("{FAE04EC0-301F-11D3-BF4B-00C04F79EFBC}") = "Assembly-CSharp", "Assembly-CSharp.csproj", "{7665FE75-6395-BBDE-7948-0B7BEFB35DBC}"
EndProject
Project("{FAE04EC0-301F-11D3-BF4B-00C04F79EFBC}") = "Google.Play.Games.Editor", "Google.Play.Games.Editor.csproj", "{62251A6A-9F90-8BDF-4660-283EAC5D67B4}"
EndProject
Project("{FAE04EC0-301F-11D3-BF4B-00C04F79EFBC}") = "Google.Play.Games", "Google.Play.Games.csproj", "{63C76138-11BD-46AB-55DC-4B9540232A95}"
EndProject
Project("{FAE04EC0-301F-11D3-BF4B-00C04F79EFBC}") = "Assembly-CSharp-Editor", "Assembly-CSharp-Editor.csproj", "{D1733E57-F69C-D072-D644-2CE78CFB9474}"
EndProject
Global
	GlobalSection(SolutionConfigurationPlatforms) = preSolution
		Debug|Any CPU = Debug|Any CPU
		Release|Any CPU = Release|Any CPU
	EndGlobalSection
	GlobalSection(ProjectConfigurationPlatforms) = postSolution
		{7665FE75-6395-BBDE-7948-0B7BEFB35DBC}.Debug|Any CPU.ActiveCfg = Debug|Any CPU
		{7665FE75-6395-BBDE-7948-0B7BEFB35DBC}.Debug|Any CPU.Build.0 = Debug|Any CPU
		{7665FE75-6395-BBDE-7948-0B7BEFB35DBC}.Release|Any CPU.ActiveCfg = Release|Any CPU
		{7665FE75-6395-BBDE-7948-0B7BEFB35DBC}.Release|Any CPU.Build.0 = Release|Any CPU
		{62251A6A-9F90-8BDF-4660-283EAC5D67B4}.Debug|Any CPU.ActiveCfg = Debug|Any CPU
		{62251A6A-9F90-8BDF-4660-283EAC5D67B4}.Debug|Any CPU.Build.0 = Debug|Any CPU
		{62251A6A-9F90-8BDF-4660-283EAC5D67B4}.Release|Any CPU.ActiveCfg = Release|Any CPU
		{62251A6A-9F90-8BDF-4660-283EAC5D67B4}.Release|Any CPU.Build.0 = Release|Any CPU
		{63C76138-11BD-46AB-55DC-4B9540232A95}.Debug|Any CPU.ActiveCfg = Debug|Any CPU
		{63C76138-11BD-46AB-55DC-4B9540232A95}.Debug|Any CPU.Build.0 = Debug|Any CPU
		{63C76138-11BD-46AB-55DC-4B9540232A95}.Release|Any CPU.ActiveCfg = Release|Any CPU
		{63C76138-11BD-46AB-55DC-4B9540232A95}.Release|Any CPU.Build.0 = Release|Any CPU
		{D1733E57-F69C-D072-D644-2CE78CFB9474}.Debug|Any CPU.ActiveCfg = Debug|Any CPU
		{D1733E57-F69C-D072-D644-2CE78CFB9474}.Debug|Any CPU.Build.0 = Debug|Any CPU
		{D1733E57-F69C-D072-D644-2CE78CFB9474}.Release|Any CPU.ActiveCfg = Release|Any CPU
		{D1733E57-F69C-D072-D644-2CE78CFB9474}.Release|Any CPU.Build.0 = Release|Any CPU
	EndGlobalSection
	GlobalSection(SolutionProperties) = preSolution
		HideSolutionNode = FALSE
	EndGlobalSection
EndGlobal
